<?xml version="1.0" encoding="utf-8"?>
<Project ToolsVersion="4.0" xmlns="http://schemas.microsoft.com/developer/msbuild/2003">
  <ItemGroup>
    <Filter Include="Source Files">
      <UniqueIdentifier>{4FC737F1-C7A5-4376-A066-2A32D752A2FF}</UniqueIdentifier>
      <Extensions>cpp;c;cc;cxx;c++;cppm;ixx;def;odl;idl;hpj;bat;asm;asmx</Extensions>
    </Filter>
    <Filter Include="Header Files">
      <UniqueIdentifier>{93995380-89BD-4b04-88EB-625FBE52EBFB}</UniqueIdentifier>
      <Extensions>h;hh;hpp;hxx;h++;hm;inl;inc;ipp;xsd</Extensions>
    </Filter>
    <Filter Include="Resource Files">
      <UniqueIdentifier>{67DA6AB6-F800-4c08-8B7A-83BB121AAD01}</UniqueIdentifier>
      <Extensions>rc;ico;cur;bmp;dlg;rc2;rct;bin;rgs;gif;jpg;jpeg;jpe;resx;tiff;tif;png;wav;mfcribbon-ms</Extensions>
    </Filter>
    <Filter Include="Header Files\math">
      <UniqueIdentifier>{2fe435e1-7771-444d-a01c-3fc177fc7ea2}</UniqueIdentifier>
    </Filter>
    <Filter Include="Header Files\dmx">
      <UniqueIdentifier>{8d2e0a77-ddc5-4891-a980-be70f31bfeec}</UniqueIdentifier>
    </Filter>
    <Filter Include="Header Files\studio">
      <UniqueIdentifier>{125f52ae-c8c3-42e9-a64b-51afeef8adf6}</UniqueIdentifier>
    </Filter>
    <Filter Include="Source Files\math">
      <UniqueIdentifier>{c0fbb725-dcd3-44eb-9ca6-eb93f5ec2dbf}</UniqueIdentifier>
    </Filter>
    <Filter Include="Source Files\dmx">
      <UniqueIdentifier>{a9042b4e-7010-466b-9149-327a99e2f030}</UniqueIdentifier>
    </Filter>
  </ItemGroup>
  <ItemGroup>
    <ClCompile Include="main.cpp">
      <Filter>Source Files</Filter>
    </ClCompile>
    <ClCompile Include="studio\studio.cpp">
      <Filter>Source Files</Filter>
    </ClCompile>
    <ClCompile Include="studio\bone_setup.cpp">
      <Filter>Source Files</Filter>
    </ClCompile>
    <ClCompile Include="math\mathlib.cpp">
      <Filter>Source Files\math</Filter>
    </ClCompile>
    <ClCompile Include="dmx\dmx.cpp">
      <Filter>Source Files\dmx</Filter>
    </ClCompile>
  </ItemGroup>
  <ItemGroup>
    <ClInclude Include="math\vector.h">
      <Filter>Header Files\math</Filter>
    </ClInclude>
    <ClInclude Include="math\vector2d.h">
      <Filter>Header Files\math</Filter>
    </ClInclude>
    <ClInclude Include="math\vector4d.h">
      <Filter>Header Files\math</Filter>
    </ClInclude>
    <ClInclude Include="math\compressed_vector.h">
      <Filter>Header Files\math</Filter>
    </ClInclude>
    <ClInclude Include="math\vertexcolor.h">
      <Filter>Header Files\math</Filter>
    </ClInclude>
    <ClInclude Include="math\mathlib.h">
      <Filter>Header Files\math</Filter>
    </ClInclude>
    <ClInclude Include="math\vector_test.h">
      <Filter>Header Files\math</Filter>
    </ClInclude>
    <ClInclude Include="dmx\dmx.h">
      <Filter>Header Files\dmx</Filter>
    </ClInclude>
    <ClInclude Include="studio\bone_setup.h">
      <Filter>Header Files\studio</Filter>
    </ClInclude>
    <ClInclude Include="studio\studio.h">
      <Filter>Header Files\studio</Filter>
    </ClInclude>
    <ClInclude Include="utils.h">
      <Filter>Header Files</Filter>
    </ClInclude>
  </ItemGroup>
</Project>